
Microsoft Visual Studio Solution File, Format Version 12.00
# Visual Studio Version 16
VisualStudioVersion = 16.0.30523.141
MinimumVisualStudioVersion = 10.0.40219.1
Project("{9A19103F-16F7-4668-BE54-9A1E7A4F7556}") = "VismaBugBountySelfServicePortal", "VismaBugBountySelfServicePortal\VismaBugBountySelfServicePortal.csproj", "{1D7853F8-825D-4919-8ED7-7C5B754009CA}"
EndProject
Project("{151D2E53-A2C4-4D7D-83FE-D05416EBD58E}") = "VismaBugBountySelfServicePortal.Infrastructure", "VismaBugBountySelfServicePortal.Infrastructure\VismaBugBountySelfServicePortal.Infrastructure.deployproj", "{1A324B7E-889A-4CF9-B155-9D01E3C24B09}"
EndProject
Global
	GlobalSection(SolutionConfigurationPlatforms) = preSolution
		Debug|Any CPU = Debug|Any CPU
		Release|Any CPU = Release|Any CPU
	EndGlobalSection
	GlobalSection(ProjectConfigurationPlatforms) = postSolution
		{1D7853F8-825D-4919-8ED7-7C5B754009CA}.Debug|Any CPU.ActiveCfg = Debug|Any CPU
		{1D7853F8-825D-4919-8ED7-7C5B754009CA}.Debug|Any CPU.Build.0 = Debug|Any CPU
		{1D7853F8-825D-4919-8ED7-7C5B754009CA}.Release|Any CPU.ActiveCfg = Release|Any CPU
		{1D7853F8-825D-4919-8ED7-7C5B754009CA}.Release|Any CPU.Build.0 = Release|Any CPU
		{1A324B7E-889A-4CF9-B155-9D01E3C24B09}.Debug|Any CPU.ActiveCfg = Debug|Any CPU
		{1A324B7E-889A-4CF9-B155-9D01E3C24B09}.Debug|Any CPU.Build.0 = Debug|Any CPU
		{1A324B7E-889A-4CF9-B155-9D01E3C24B09}.Release|Any CPU.ActiveCfg = Release|Any CPU
		{1A324B7E-889A-4CF9-B155-9D01E3C24B09}.Release|Any CPU.Build.0 = Release|Any CPU
	EndGlobalSection
	GlobalSection(SolutionProperties) = preSolution
		HideSolutionNode = FALSE
	EndGlobalSection
	GlobalSection(ExtensibilityGlobals) = postSolution
		SolutionGuid = {B9236D4F-108B-4DB2-9F61-F26D3061F117}
	EndGlobalSection
EndGlobal
